{
  "name": "nepali-date-parser",
  "version": "1.0.1",
  "lockfileVersion": 3,
  "requires": true,
  "packages": {
    "": {
      "name": "nepali-date-parser",
      "version": "1.0.1",
      "license": "ISC",
      "dependencies": {
        "bikram-sambat-js": "^1.0.3"
      }
    },
    "node_modules/bikram-sambat-js": {
      "version": "1.0.3",
      "resolved": "https://registry.npmjs.org/bikram-sambat-js/-/bikram-sambat-js-1.0.3.tgz",
      "integrity": "sha512-UwpyT8SucWzsKSHUHsJsyqbAYEsc+93qJBBWNZ6MPJfAEhUZYpw8eeX/Htd2z6QjJcalz52Qn5qSZznqACRShg==",
      "license": "MIT"
    }
  }
}
